
Microsoft Visual Studio Solution File, Format Version 12.00
# Visual Studio Version 17
VisualStudioVersion = 17.0.31903.59
MinimumVisualStudioVersion = 10.0.40219.1
Project("{2150E333-8FDC-42A3-9474-1A3956D46DE8}") = "src", "src", "{827E0CD3-B72D-47B6-A68D-7590B98EB39B}"
EndProject
Project("{2150E333-8FDC-42A3-9474-1A3956D46DE8}") = "tests", "tests", "{B2C3D4E5-F6A7-4B8C-9D0E-1F2A3B4C5D6E}"
EndProject
Project("{2150E333-8FDC-42A3-9474-1A3956D46DE8}") = "Deprecated", "Deprecated", "{E1F2A3B4-C5D6-4E7F-8A9B-0C1D2E3F4A5B}"
EndProject
Project("{FAE04EC0-301F-11D3-BF4B-00C04F79EFBC}") = "UAST.Core", "src\UAST.Core\UAST.Core.csproj", "{7EFD3F3C-75FF-4233-BC3A-C4EE59A4DCCC}"
EndProject
Project("{FAE04EC0-301F-11D3-BF4B-00C04F79EFBC}") = "UAST.Cli", "src\UAST.Cli\UAST.Cli.csproj", "{16568F09-65F8-4772-BD86-E20B207A447F}"
EndProject
Project("{FAE04EC0-301F-11D3-BF4B-00C04F79EFBC}") = "UAST.Parsers", "src\UAST.Parsers\UAST.Parsers.csproj", "{D01E437F-A64F-4812-9E57-9A1A8F09CDC3}"
EndProject
Project("{FAE04EC0-301F-11D3-BF4B-00C04F79EFBC}") = "UAST.Native", "src\UAST.Native\UAST.Native.csproj", "{A8B9C0D1-E2F3-4A5B-6C7D-8E9F0A1B2C3D}"
EndProject
Project("{FAE04EC0-301F-11D3-BF4B-00C04F79EFBC}") = "UAST.Net", "src\UAST.Net\UAST.Net.csproj", "{C4D5E6F7-A8B9-4C0D-1E2F-3A4B5C6D7E8F}"
EndProject
Project("{FAE04EC0-301F-11D3-BF4B-00C04F79EFBC}") = "UAST.Net.Tests", "tests\UAST.Net.Tests\UAST.Net.Tests.csproj", "{D5E6F7A8-B9C0-4D1E-2F3A-4B5C6D7E8F9A}"
EndProject
Global
	GlobalSection(SolutionConfigurationPlatforms) = preSolution
		Debug|Any CPU = Debug|Any CPU
		Debug|x64 = Debug|x64
		Debug|x86 = Debug|x86
		Release|Any CPU = Release|Any CPU
		Release|x64 = Release|x64
		Release|x86 = Release|x86
	EndGlobalSection
	GlobalSection(ProjectConfigurationPlatforms) = postSolution
		{7EFD3F3C-75FF-4233-BC3A-C4EE59A4DCCC}.Debug|Any CPU.ActiveCfg = Debug|Any CPU
		{7EFD3F3C-75FF-4233-BC3A-C4EE59A4DCCC}.Debug|Any CPU.Build.0 = Debug|Any CPU
		{7EFD3F3C-75FF-4233-BC3A-C4EE59A4DCCC}.Debug|x64.ActiveCfg = Debug|Any CPU
		{7EFD3F3C-75FF-4233-BC3A-C4EE59A4DCCC}.Debug|x64.Build.0 = Debug|Any CPU
		{7EFD3F3C-75FF-4233-BC3A-C4EE59A4DCCC}.Debug|x86.ActiveCfg = Debug|Any CPU
		{7EFD3F3C-75FF-4233-BC3A-C4EE59A4DCCC}.Debug|x86.Build.0 = Debug|Any CPU
		{7EFD3F3C-75FF-4233-BC3A-C4EE59A4DCCC}.Release|Any CPU.ActiveCfg = Release|Any CPU
		{7EFD3F3C-75FF-4233-BC3A-C4EE59A4DCCC}.Release|Any CPU.Build.0 = Release|Any CPU
		{7EFD3F3C-75FF-4233-BC3A-C4EE59A4DCCC}.Release|x64.ActiveCfg = Release|Any CPU
		{7EFD3F3C-75FF-4233-BC3A-C4EE59A4DCCC}.Release|x64.Build.0 = Release|Any CPU
		{7EFD3F3C-75FF-4233-BC3A-C4EE59A4DCCC}.Release|x86.ActiveCfg = Release|Any CPU
		{7EFD3F3C-75FF-4233-BC3A-C4EE59A4DCCC}.Release|x86.Build.0 = Release|Any CPU
		{16568F09-65F8-4772-BD86-E20B207A447F}.Debug|Any CPU.ActiveCfg = Debug|Any CPU
		{16568F09-65F8-4772-BD86-E20B207A447F}.Debug|Any CPU.Build.0 = Debug|Any CPU
		{16568F09-65F8-4772-BD86-E20B207A447F}.Debug|x64.ActiveCfg = Debug|Any CPU
		{16568F09-65F8-4772-BD86-E20B207A447F}.Debug|x64.Build.0 = Debug|Any CPU
		{16568F09-65F8-4772-BD86-E20B207A447F}.Debug|x86.ActiveCfg = Debug|Any CPU
		{16568F09-65F8-4772-BD86-E20B207A447F}.Debug|x86.Build.0 = Debug|Any CPU
		{16568F09-65F8-4772-BD86-E20B207A447F}.Release|Any CPU.ActiveCfg = Release|Any CPU
		{16568F09-65F8-4772-BD86-E20B207A447F}.Release|Any CPU.Build.0 = Release|Any CPU
		{16568F09-65F8-4772-BD86-E20B207A447F}.Release|x64.ActiveCfg = Release|Any CPU
		{16568F09-65F8-4772-BD86-E20B207A447F}.Release|x64.Build.0 = Release|Any CPU
		{16568F09-65F8-4772-BD86-E20B207A447F}.Release|x86.ActiveCfg = Release|Any CPU
		{16568F09-65F8-4772-BD86-E20B207A447F}.Release|x86.Build.0 = Release|Any CPU
		{D01E437F-A64F-4812-9E57-9A1A8F09CDC3}.Debug|Any CPU.ActiveCfg = Debug|Any CPU
		{D01E437F-A64F-4812-9E57-9A1A8F09CDC3}.Debug|Any CPU.Build.0 = Debug|Any CPU
		{D01E437F-A64F-4812-9E57-9A1A8F09CDC3}.Debug|x64.ActiveCfg = Debug|Any CPU
		{D01E437F-A64F-4812-9E57-9A1A8F09CDC3}.Debug|x64.Build.0 = Debug|Any CPU
		{D01E437F-A64F-4812-9E57-9A1A8F09CDC3}.Debug|x86.ActiveCfg = Debug|Any CPU
		{D01E437F-A64F-4812-9E57-9A1A8F09CDC3}.Debug|x86.Build.0 = Debug|Any CPU
		{D01E437F-A64F-4812-9E57-9A1A8F09CDC3}.Release|Any CPU.ActiveCfg = Release|Any CPU
		{D01E437F-A64F-4812-9E57-9A1A8F09CDC3}.Release|Any CPU.Build.0 = Release|Any CPU
		{D01E437F-A64F-4812-9E57-9A1A8F09CDC3}.Release|x64.ActiveCfg = Release|Any CPU
		{D01E437F-A64F-4812-9E57-9A1A8F09CDC3}.Release|x64.Build.0 = Release|Any CPU
		{D01E437F-A64F-4812-9E57-9A1A8F09CDC3}.Release|x86.ActiveCfg = Release|Any CPU
		{D01E437F-A64F-4812-9E57-9A1A8F09CDC3}.Release|x86.Build.0 = Release|Any CPU
		{A8B9C0D1-E2F3-4A5B-6C7D-8E9F0A1B2C3D}.Debug|Any CPU.ActiveCfg = Debug|Any CPU
		{A8B9C0D1-E2F3-4A5B-6C7D-8E9F0A1B2C3D}.Debug|Any CPU.Build.0 = Debug|Any CPU
		{A8B9C0D1-E2F3-4A5B-6C7D-8E9F0A1B2C3D}.Debug|x64.ActiveCfg = Debug|Any CPU
		{A8B9C0D1-E2F3-4A5B-6C7D-8E9F0A1B2C3D}.Debug|x64.Build.0 = Debug|Any CPU
		{A8B9C0D1-E2F3-4A5B-6C7D-8E9F0A1B2C3D}.Debug|x86.ActiveCfg = Debug|Any CPU
		{A8B9C0D1-E2F3-4A5B-6C7D-8E9F0A1B2C3D}.Debug|x86.Build.0 = Debug|Any CPU
		{A8B9C0D1-E2F3-4A5B-6C7D-8E9F0A1B2C3D}.Release|Any CPU.ActiveCfg = Release|Any CPU
		{A8B9C0D1-E2F3-4A5B-6C7D-8E9F0A1B2C3D}.Release|Any CPU.Build.0 = Release|Any CPU
		{A8B9C0D1-E2F3-4A5B-6C7D-8E9F0A1B2C3D}.Release|x64.ActiveCfg = Release|Any CPU
		{A8B9C0D1-E2F3-4A5B-6C7D-8E9F0A1B2C3D}.Release|x64.Build.0 = Release|Any CPU
		{A8B9C0D1-E2F3-4A5B-6C7D-8E9F0A1B2C3D}.Release|x86.ActiveCfg = Release|Any CPU
		{A8B9C0D1-E2F3-4A5B-6C7D-8E9F0A1B2C3D}.Release|x86.Build.0 = Release|Any CPU
		{C4D5E6F7-A8B9-4C0D-1E2F-3A4B5C6D7E8F}.Debug|Any CPU.ActiveCfg = Debug|Any CPU
		{C4D5E6F7-A8B9-4C0D-1E2F-3A4B5C6D7E8F}.Debug|Any CPU.Build.0 = Debug|Any CPU
		{C4D5E6F7-A8B9-4C0D-1E2F-3A4B5C6D7E8F}.Debug|x64.ActiveCfg = Debug|Any CPU
		{C4D5E6F7-A8B9-4C0D-1E2F-3A4B5C6D7E8F}.Debug|x64.Build.0 = Debug|Any CPU
		{C4D5E6F7-A8B9-4C0D-1E2F-3A4B5C6D7E8F}.Debug|x86.ActiveCfg = Debug|Any CPU
		{C4D5E6F7-A8B9-4C0D-1E2F-3A4B5C6D7E8F}.Debug|x86.Build.0 = Debug|Any CPU
		{C4D5E6F7-A8B9-4C0D-1E2F-3A4B5C6D7E8F}.Release|Any CPU.ActiveCfg = Release|Any CPU
		{C4D5E6F7-A8B9-4C0D-1E2F-3A4B5C6D7E8F}.Release|Any CPU.Build.0 = Release|Any CPU
		{C4D5E6F7-A8B9-4C0D-1E2F-3A4B5C6D7E8F}.Release|x64.ActiveCfg = Release|Any CPU
		{C4D5E6F7-A8B9-4C0D-1E2F-3A4B5C6D7E8F}.Release|x64.Build.0 = Release|Any CPU
		{C4D5E6F7-A8B9-4C0D-1E2F-3A4B5C6D7E8F}.Release|x86.ActiveCfg = Release|Any CPU
		{C4D5E6F7-A8B9-4C0D-1E2F-3A4B5C6D7E8F}.Release|x86.Build.0 = Release|Any CPU
		{D5E6F7A8-B9C0-4D1E-2F3A-4B5C6D7E8F9A}.Debug|Any CPU.ActiveCfg = Debug|Any CPU
		{D5E6F7A8-B9C0-4D1E-2F3A-4B5C6D7E8F9A}.Debug|Any CPU.Build.0 = Debug|Any CPU
		{D5E6F7A8-B9C0-4D1E-2F3A-4B5C6D7E8F9A}.Debug|x64.ActiveCfg = Debug|Any CPU
		{D5E6F7A8-B9C0-4D1E-2F3A-4B5C6D7E8F9A}.Debug|x64.Build.0 = Debug|Any CPU
		{D5E6F7A8-B9C0-4D1E-2F3A-4B5C6D7E8F9A}.Debug|x86.ActiveCfg = Debug|Any CPU
		{D5E6F7A8-B9C0-4D1E-2F3A-4B5C6D7E8F9A}.Debug|x86.Build.0 = Debug|Any CPU
		{D5E6F7A8-B9C0-4D1E-2F3A-4B5C6D7E8F9A}.Release|Any CPU.ActiveCfg = Release|Any CPU
		{D5E6F7A8-B9C0-4D1E-2F3A-4B5C6D7E8F9A}.Release|Any CPU.Build.0 = Release|Any CPU
		{D5E6F7A8-B9C0-4D1E-2F3A-4B5C6D7E8F9A}.Release|x64.ActiveCfg = Release|Any CPU
		{D5E6F7A8-B9C0-4D1E-2F3A-4B5C6D7E8F9A}.Release|x64.Build.0 = Release|Any CPU
		{D5E6F7A8-B9C0-4D1E-2F3A-4B5C6D7E8F9A}.Release|x86.ActiveCfg = Release|Any CPU
		{D5E6F7A8-B9C0-4D1E-2F3A-4B5C6D7E8F9A}.Release|x86.Build.0 = Release|Any CPU
	EndGlobalSection
	GlobalSection(SolutionProperties) = preSolution
		HideSolutionNode = FALSE
	EndGlobalSection
	GlobalSection(NestedProjects) = preSolution
		{7EFD3F3C-75FF-4233-BC3A-C4EE59A4DCCC} = {E1F2A3B4-C5D6-4E7F-8A9B-0C1D2E3F4A5B}
		{16568F09-65F8-4772-BD86-E20B207A447F} = {E1F2A3B4-C5D6-4E7F-8A9B-0C1D2E3F4A5B}
		{D01E437F-A64F-4812-9E57-9A1A8F09CDC3} = {E1F2A3B4-C5D6-4E7F-8A9B-0C1D2E3F4A5B}
		{A8B9C0D1-E2F3-4A5B-6C7D-8E9F0A1B2C3D} = {827E0CD3-B72D-47B6-A68D-7590B98EB39B}
		{C4D5E6F7-A8B9-4C0D-1E2F-3A4B5C6D7E8F} = {827E0CD3-B72D-47B6-A68D-7590B98EB39B}
		{D5E6F7A8-B9C0-4D1E-2F3A-4B5C6D7E8F9A} = {B2C3D4E5-F6A7-4B8C-9D0E-1F2A3B4C5D6E}
	EndGlobalSection
EndGlobal
